{
  "name": "synstax-website",
  "version": "1.0.0",
  "lockfileVersion": 3,
  "requires": true,
  "packages": {
    "": {
      "name": "synstax-website",
      "version": "1.0.0",
      "license": "ISC",
      "dependencies": {
        "swiper": "^11.0.4",
        "tilt.js": "^1.2.1"
      }
    },
    "node_modules/jquery": {
      "version": "3.7.1",
      "resolved": "https://registry.npmjs.org/jquery/-/jquery-3.7.1.tgz",
      "integrity": "sha512-m4avr8yL8kmFN8psrbFFFmB/If14iN5o9nw/NgnnM+kybDJpRsAynV2BsfpTYrTRysYUdADVD7CkUUizgkpLfg=="
    },
    "node_modules/swiper": {
      "version": "11.0.4",
      "resolved": "https://registry.npmjs.org/swiper/-/swiper-11.0.4.tgz",
      "integrity": "sha512-qtUxILrD4aD++rpKzGrkz3IAWL92f9uTrDwjb6HaNLmPvJhZCE/83DL+9w4kIgDDJeF6QKalV47rMBN77UOVYQ==",
      "funding": [
        {
          "type": "patreon",
          "url": "https://www.patreon.com/swiperjs"
        },
        {
          "type": "open_collective",
          "url": "http://opencollective.com/swiper"
        }
      ],
      "engines": {
        "node": ">= 4.7.0"
      }
    },
    "node_modules/tilt.js": {
      "version": "1.2.1",
      "resolved": "https://registry.npmjs.org/tilt.js/-/tilt.js-1.2.1.tgz",
      "integrity": "sha512-IGRh3FJbq6BRH2ETb2KxDWont2k740oR+0QMs39QVkjnr7QmA6L1VzSKsOLgFXg5QNtHyRKp7vzFoJCYxgzsJA==",
      "dependencies": {
        "jquery": "^3.1.1"
      }
    }
  }
}
